
Microsoft Visual Studio Solution File, Format Version 12.00
# Visual Studio Version 16
VisualStudioVersion = 25.0.1704.0
MinimumVisualStudioVersion = 10.0.40219.1
Project("{FAE04EC0-301F-11D3-BF4B-00C04F79EFBC}") = "WebTestProject", "WebTestProject\WebTestProject.csproj", "{7C0949F6-A055-48A6-A81F-36251D68572A}"
EndProject
Global
	GlobalSection(SolutionConfigurationPlatforms) = preSolution
		Debug|Any CPU = Debug|Any CPU
		Release|Any CPU = Release|Any CPU
	EndGlobalSection
	GlobalSection(ProjectConfigurationPlatforms) = postSolution
		{7C0949F6-A055-48A6-A81F-36251D68572A}.Debug|Any CPU.ActiveCfg = Debug|Any CPU
		{7C0949F6-A055-48A6-A81F-36251D68572A}.Debug|Any CPU.Build.0 = Debug|Any CPU
		{7C0949F6-A055-48A6-A81F-36251D68572A}.Release|Any CPU.ActiveCfg = Release|Any CPU
		{7C0949F6-A055-48A6-A81F-36251D68572A}.Release|Any CPU.Build.0 = Release|Any CPU
	EndGlobalSection
	GlobalSection(SolutionProperties) = preSolution
		HideSolutionNode = FALSE
	EndGlobalSection
	GlobalSection(ExtensibilityGlobals) = postSolution
		SolutionGuid = {EBBDAABD-6567-4C64-AC7C-2D69BFDFB203}
	EndGlobalSection
EndGlobal
